// !$*UTF8*$!
{
	archiveVersion = 1;
	classes = {
	};
	objectVersion = 56;
	objects = {

/* Begin PBXBuildFile section */
		08067FEC2C26C0C0009BBD51 /* DetailVocabularyViewModel.swift in Sources */ = {isa = PBXBuildFile; fileRef = 08067FEB2C26C0C0009BBD51 /* DetailVocabularyViewModel.swift */; };
		08875FB92C2316C500C4E6C6 /* HomeViewHeader.swift in Sources */ = {isa = PBXBuildFile; fileRef = 08875FB82C2316C500C4E6C6 /* HomeViewHeader.swift */; };
		08875FBB2C231B3E00C4E6C6 /* ButtonIcon.swift in Sources */ = {isa = PBXBuildFile; fileRef = 08875FBA2C231B3E00C4E6C6 /* ButtonIcon.swift */; };
		08875FBD2C231C6B00C4E6C6 /* HomeView+BottonTabBar.swift in Sources */ = {isa = PBXBuildFile; fileRef = 08875FBC2C231C6B00C4E6C6 /* HomeView+BottonTabBar.swift */; };
		08875FC22C23233900C4E6C6 /* CreateCategoryView.swift in Sources */ = {isa = PBXBuildFile; fileRef = 08875FC12C23233900C4E6C6 /* CreateCategoryView.swift */; };
		08E92FBA2C27190F0027E207 /* Folder.swift in Sources */ = {isa = PBXBuildFile; fileRef = 08E92FB92C27190F0027E207 /* Folder.swift */; };
		08E92FBC2C271ABD0027E207 /* Categorys.swift in Sources */ = {isa = PBXBuildFile; fileRef = 08E92FBB2C271ABD0027E207 /* Categorys.swift */; };
		08E92FBF2C2723430027E207 /* ConvertColor.swift in Sources */ = {isa = PBXBuildFile; fileRef = 08E92FBE2C2723430027E207 /* ConvertColor.swift */; };
		08E92FC32C2723FA0027E207 /* ColorEnum.swift in Sources */ = {isa = PBXBuildFile; fileRef = 08E92FC22C2723FA0027E207 /* ColorEnum.swift */; };
		08E92FC52C27357E0027E207 /* HomeView+ListCategory.swift in Sources */ = {isa = PBXBuildFile; fileRef = 08E92FC42C27357E0027E207 /* HomeView+ListCategory.swift */; };
		08E92FC82C2736670027E207 /* DetailCategoryVIew.swift in Sources */ = {isa = PBXBuildFile; fileRef = 08E92FC72C2736670027E207 /* DetailCategoryVIew.swift */; };
		0945896488D0194791FADC3E /* Pods_Your_Directory.framework in Frameworks */ = {isa = PBXBuildFile; fileRef = 8D8BCDC631AEB02680BFE605 /* Pods_Your_Directory.framework */; };
		0EA6DF312C212D2B00128A3B /* Your_DirectoryApp.swift in Sources */ = {isa = PBXBuildFile; fileRef = 0EA6DF302C212D2B00128A3B /* Your_DirectoryApp.swift */; };
		0EA6DF352C212D2E00128A3B /* Assets.xcassets in Resources */ = {isa = PBXBuildFile; fileRef = 0EA6DF342C212D2E00128A3B /* Assets.xcassets */; };
		0EA6DF382C212D2E00128A3B /* Preview Assets.xcassets in Resources */ = {isa = PBXBuildFile; fileRef = 0EA6DF372C212D2E00128A3B /* Preview Assets.xcassets */; };
		0EA6DF402C212D5800128A3B /* SplashView.swift in Sources */ = {isa = PBXBuildFile; fileRef = 0EA6DF3F2C212D5800128A3B /* SplashView.swift */; };
		0EA6DF442C2135C500128A3B /* LottieView.swift in Sources */ = {isa = PBXBuildFile; fileRef = 0EA6DF432C2135C500128A3B /* LottieView.swift */; };
		0EA6DF472C213D6000128A3B /* SplashData.json in Resources */ = {isa = PBXBuildFile; fileRef = 0EA6DF462C213D6000128A3B /* SplashData.json */; };
		0EA6DF4A2C213F1F00128A3B /* SignUpView.swift in Sources */ = {isa = PBXBuildFile; fileRef = 0EA6DF492C213F1F00128A3B /* SignUpView.swift */; };
		0EA6DF542C21411D00128A3B /* Text.swift in Sources */ = {isa = PBXBuildFile; fileRef = 0EA6DF532C21411D00128A3B /* Text.swift */; };
		0EA6DF582C21423500128A3B /* TextFieldCustomize.swift in Sources */ = {isa = PBXBuildFile; fileRef = 0EA6DF572C21423400128A3B /* TextFieldCustomize.swift */; };
		0EA6DF5A2C2143B900128A3B /* RoundedCornersShape.swift in Sources */ = {isa = PBXBuildFile; fileRef = 0EA6DF592C2143B900128A3B /* RoundedCornersShape.swift */; };
		0EA6DF5C2C21441900128A3B /* Color.swift in Sources */ = {isa = PBXBuildFile; fileRef = 0EA6DF5B2C21441900128A3B /* Color.swift */; };
		0EA6DF5E2C216ECB00128A3B /* ButtonFullWidthView.swift in Sources */ = {isa = PBXBuildFile; fileRef = 0EA6DF5D2C216ECB00128A3B /* ButtonFullWidthView.swift */; };
		0EA6DF6F2C2288EB00128A3B /* HomeView.swift in Sources */ = {isa = PBXBuildFile; fileRef = 0EA6DF6E2C2288EB00128A3B /* HomeView.swift */; };
		0EA6DF732C22B0F100128A3B /* HomeViewModel.swift in Sources */ = {isa = PBXBuildFile; fileRef = 0EA6DF722C22B0F100128A3B /* HomeViewModel.swift */; };
		0EA6DF782C23DAA500128A3B /* QLImage.swift in Sources */ = {isa = PBXBuildFile; fileRef = 0EA6DF772C23DAA500128A3B /* QLImage.swift */; };
		0EA6DF7C2C23E1CE00128A3B /* notebook.gif in Resources */ = {isa = PBXBuildFile; fileRef = 0EA6DF7B2C23E1CE00128A3B /* notebook.gif */; };
		0EA6DF7E2C23E2D500128A3B /* sound.gif in Resources */ = {isa = PBXBuildFile; fileRef = 0EA6DF7D2C23E2D500128A3B /* sound.gif */; };
		0EA6DF802C23E30000128A3B /* description.gif in Resources */ = {isa = PBXBuildFile; fileRef = 0EA6DF7F2C23E30000128A3B /* description.gif */; };
		0EA6DF822C24027000128A3B /* Vocabulary.swift in Sources */ = {isa = PBXBuildFile; fileRef = 0EA6DF812C24027000128A3B /* Vocabulary.swift */; };
		0EA6DF852C2402C600128A3B /* Vocabularys.swift in Sources */ = {isa = PBXBuildFile; fileRef = 0EA6DF842C2402C600128A3B /* Vocabularys.swift */; };
		0EA6DF872C2403E600128A3B /* TextFieldImageGif.swift in Sources */ = {isa = PBXBuildFile; fileRef = 0EA6DF862C2403E600128A3B /* TextFieldImageGif.swift */; };
		0EA6DF892C24057500128A3B /* search.gif in Resources */ = {isa = PBXBuildFile; fileRef = 0EA6DF882C24057500128A3B /* search.gif */; };
		0EA6DF8B2C24082F00128A3B /* HomeView+Search.swift in Sources */ = {isa = PBXBuildFile; fileRef = 0EA6DF8A2C24082F00128A3B /* HomeView+Search.swift */; };
		0EA6DF8D2C240C2900128A3B /* HomeView+ListVocabulary.swift in Sources */ = {isa = PBXBuildFile; fileRef = 0EA6DF8C2C240C2900128A3B /* HomeView+ListVocabulary.swift */; };
		0EA6DF902C240CEE00128A3B /* VocabularyCardView.swift in Sources */ = {isa = PBXBuildFile; fileRef = 0EA6DF8F2C240CEE00128A3B /* VocabularyCardView.swift */; };
		0EA6DF962C24301A00128A3B /* DetailVocabularyView.swift in Sources */ = {isa = PBXBuildFile; fileRef = 0EA6DF952C24301A00128A3B /* DetailVocabularyView.swift */; };
		0EA6DF982C2430A400128A3B /* TextFieldImage.swift in Sources */ = {isa = PBXBuildFile; fileRef = 0EA6DF972C2430A400128A3B /* TextFieldImage.swift */; };
		0EABCDFB2C34E8350073B7EF /* AuthenticationViewModel.swift in Sources */ = {isa = PBXBuildFile; fileRef = 0EABCDFA2C34E8350073B7EF /* AuthenticationViewModel.swift */; };
		0EABCDFF2C352B920073B7EF /* GoogleService-Info.plist in Resources */ = {isa = PBXBuildFile; fileRef = 0EABCDFE2C352B920073B7EF /* GoogleService-Info.plist */; };
		0EABCE012C3539780073B7EF /* NetworkImage.swift in Sources */ = {isa = PBXBuildFile; fileRef = 0EABCE002C3539780073B7EF /* NetworkImage.swift */; };
		0EABCE042C363DFA0073B7EF /* FirestoreManager.swift in Sources */ = {isa = PBXBuildFile; fileRef = 0EABCE032C363DFA0073B7EF /* FirestoreManager.swift */; };
		0EABCE062C3642A90073B7EF /* AppConstants.swift in Sources */ = {isa = PBXBuildFile; fileRef = 0EABCE052C3642A90073B7EF /* AppConstants.swift */; };
		0EABCE0E2C37A13E0073B7EF /* DetailVocabulary+Header.swift in Sources */ = {isa = PBXBuildFile; fileRef = 0EABCE0D2C37A13E0073B7EF /* DetailVocabulary+Header.swift */; };
		0EABCE122C37A1EC0073B7EF /* DetailVocabulary+Content.swift in Sources */ = {isa = PBXBuildFile; fileRef = 0EABCE112C37A1EC0073B7EF /* DetailVocabulary+Content.swift */; };
		0EABCE152C37A2690073B7EF /* CreateCategory+Header.swift in Sources */ = {isa = PBXBuildFile; fileRef = 0EABCE142C37A2690073B7EF /* CreateCategory+Header.swift */; };
		0EABCE172C37A2B40073B7EF /* CreateCategory+Content.swift in Sources */ = {isa = PBXBuildFile; fileRef = 0EABCE162C37A2B40073B7EF /* CreateCategory+Content.swift */; };
		0EB8A2542C3BCC5F0001C521 /* folder.gif in Resources */ = {isa = PBXBuildFile; fileRef = 0EB8A2532C3BCC5F0001C521 /* folder.gif */; };
		0EB8A2562C3BCE0D0001C521 /* DetailVocabulary+Input.swift in Sources */ = {isa = PBXBuildFile; fileRef = 0EB8A2552C3BCE0D0001C521 /* DetailVocabulary+Input.swift */; };
		0EFB78512C253A8D0013FFD8 /* Audio.swift in Sources */ = {isa = PBXBuildFile; fileRef = 0EFB78502C253A8D0013FFD8 /* Audio.swift */; };
		0EFB78552C2554B00013FFD8 /* AlamofireNetworkService.swift in Sources */ = {isa = PBXBuildFile; fileRef = 0EFB78542C2554B00013FFD8 /* AlamofireNetworkService.swift */; };
		0EFB78582C2555260013FFD8 /* DictionaryHttp.swift in Sources */ = {isa = PBXBuildFile; fileRef = 0EFB78572C2555260013FFD8 /* DictionaryHttp.swift */; };
		0EFB785B2C2556B50013FFD8 /* VocabularyEntities.swift in Sources */ = {isa = PBXBuildFile; fileRef = 0EFB785A2C2556B50013FFD8 /* VocabularyEntities.swift */; };
		0EFB785D2C2557A00013FFD8 /* NetworkError.swift in Sources */ = {isa = PBXBuildFile; fileRef = 0EFB785C2C2557A00013FFD8 /* NetworkError.swift */; };
		0EFB78602C25583D0013FFD8 /* VocabularyEntityMapper.swift in Sources */ = {isa = PBXBuildFile; fileRef = 0EFB785F2C25583D0013FFD8 /* VocabularyEntityMapper.swift */; };
/* End PBXBuildFile section */

/* Begin PBXFileReference section */
		08067FEB2C26C0C0009BBD51 /* DetailVocabularyViewModel.swift */ = {isa = PBXFileReference; fileEncoding = 4; lastKnownFileType = sourcecode.swift; path = DetailVocabularyViewModel.swift; sourceTree = "<group>"; };
		08875FB82C2316C500C4E6C6 /* HomeViewHeader.swift */ = {isa = PBXFileReference; lastKnownFileType = sourcecode.swift; path = HomeViewHeader.swift; sourceTree = "<group>"; };
		08875FBA2C231B3E00C4E6C6 /* ButtonIcon.swift */ = {isa = PBXFileReference; lastKnownFileType = sourcecode.swift; path = ButtonIcon.swift; sourceTree = "<group>"; };
		08875FBC2C231C6B00C4E6C6 /* HomeView+BottonTabBar.swift */ = {isa = PBXFileReference; lastKnownFileType = sourcecode.swift; path = "HomeView+BottonTabBar.swift"; sourceTree = "<group>"; };
		08875FC12C23233900C4E6C6 /* CreateCategoryView.swift */ = {isa = PBXFileReference; lastKnownFileType = sourcecode.swift; path = CreateCategoryView.swift; sourceTree = "<group>"; };
		08E92FB92C27190F0027E207 /* Folder.swift */ = {isa = PBXFileReference; lastKnownFileType = sourcecode.swift; path = Folder.swift; sourceTree = "<group>"; };
		08E92FBB2C271ABD0027E207 /* Categorys.swift */ = {isa = PBXFileReference; lastKnownFileType = sourcecode.swift; path = Categorys.swift; sourceTree = "<group>"; };
		08E92FBE2C2723430027E207 /* ConvertColor.swift */ = {isa = PBXFileReference; lastKnownFileType = sourcecode.swift; path = ConvertColor.swift; sourceTree = "<group>"; };
		08E92FC22C2723FA0027E207 /* ColorEnum.swift */ = {isa = PBXFileReference; lastKnownFileType = sourcecode.swift; path = ColorEnum.swift; sourceTree = "<group>"; };
		08E92FC42C27357E0027E207 /* HomeView+ListCategory.swift */ = {isa = PBXFileReference; lastKnownFileType = sourcecode.swift; path = "HomeView+ListCategory.swift"; sourceTree = "<group>"; };
		08E92FC72C2736670027E207 /* DetailCategoryVIew.swift */ = {isa = PBXFileReference; lastKnownFileType = sourcecode.swift; path = DetailCategoryVIew.swift; sourceTree = "<group>"; };
		0EA6DF2D2C212D2B00128A3B /* Your Directory.app */ = {isa = PBXFileReference; explicitFileType = wrapper.application; includeInIndex = 0; path = "Your Directory.app"; sourceTree = BUILT_PRODUCTS_DIR; };
		0EA6DF302C212D2B00128A3B /* Your_DirectoryApp.swift */ = {isa = PBXFileReference; lastKnownFileType = sourcecode.swift; path = Your_DirectoryApp.swift; sourceTree = "<group>"; };
		0EA6DF342C212D2E00128A3B /* Assets.xcassets */ = {isa = PBXFileReference; lastKnownFileType = folder.assetcatalog; path = Assets.xcassets; sourceTree = "<group>"; };
		0EA6DF372C212D2E00128A3B /* Preview Assets.xcassets */ = {isa = PBXFileReference; lastKnownFileType = folder.assetcatalog; path = "Preview Assets.xcassets"; sourceTree = "<group>"; };
		0EA6DF3F2C212D5800128A3B /* SplashView.swift */ = {isa = PBXFileReference; lastKnownFileType = sourcecode.swift; path = SplashView.swift; sourceTree = "<group>"; };
		0EA6DF432C2135C500128A3B /* LottieView.swift */ = {isa = PBXFileReference; lastKnownFileType = sourcecode.swift; path = LottieView.swift; sourceTree = "<group>"; };
		0EA6DF462C213D6000128A3B /* SplashData.json */ = {isa = PBXFileReference; fileEncoding = 4; lastKnownFileType = text.json; path = SplashData.json; sourceTree = "<group>"; };
		0EA6DF492C213F1F00128A3B /* SignUpView.swift */ = {isa = PBXFileReference; lastKnownFileType = sourcecode.swift; path = SignUpView.swift; sourceTree = "<group>"; };
		0EA6DF532C21411D00128A3B /* Text.swift */ = {isa = PBXFileReference; lastKnownFileType = sourcecode.swift; path = Text.swift; sourceTree = "<group>"; };
		0EA6DF572C21423400128A3B /* TextFieldCustomize.swift */ = {isa = PBXFileReference; lastKnownFileType = sourcecode.swift; path = TextFieldCustomize.swift; sourceTree = "<group>"; };
		0EA6DF592C2143B900128A3B /* RoundedCornersShape.swift */ = {isa = PBXFileReference; lastKnownFileType = sourcecode.swift; path = RoundedCornersShape.swift; sourceTree = "<group>"; };
		0EA6DF5B2C21441900128A3B /* Color.swift */ = {isa = PBXFileReference; lastKnownFileType = sourcecode.swift; path = Color.swift; sourceTree = "<group>"; };
		0EA6DF5D2C216ECB00128A3B /* ButtonFullWidthView.swift */ = {isa = PBXFileReference; fileEncoding = 4; lastKnownFileType = sourcecode.swift; path = ButtonFullWidthView.swift; sourceTree = "<group>"; };
		0EA6DF6E2C2288EB00128A3B /* HomeView.swift */ = {isa = PBXFileReference; lastKnownFileType = sourcecode.swift; path = HomeView.swift; sourceTree = "<group>"; };
		0EA6DF722C22B0F100128A3B /* HomeViewModel.swift */ = {isa = PBXFileReference; lastKnownFileType = sourcecode.swift; path = HomeViewModel.swift; sourceTree = "<group>"; };
		0EA6DF772C23DAA500128A3B /* QLImage.swift */ = {isa = PBXFileReference; lastKnownFileType = sourcecode.swift; path = QLImage.swift; sourceTree = "<group>"; };
		0EA6DF7B2C23E1CE00128A3B /* notebook.gif */ = {isa = PBXFileReference; lastKnownFileType = image.gif; path = notebook.gif; sourceTree = "<group>"; };
		0EA6DF7D2C23E2D500128A3B /* sound.gif */ = {isa = PBXFileReference; lastKnownFileType = image.gif; path = sound.gif; sourceTree = "<group>"; };
		0EA6DF7F2C23E30000128A3B /* description.gif */ = {isa = PBXFileReference; lastKnownFileType = image.gif; path = description.gif; sourceTree = "<group>"; };
		0EA6DF812C24027000128A3B /* Vocabulary.swift */ = {isa = PBXFileReference; lastKnownFileType = sourcecode.swift; path = Vocabulary.swift; sourceTree = "<group>"; };
		0EA6DF842C2402C600128A3B /* Vocabularys.swift */ = {isa = PBXFileReference; lastKnownFileType = sourcecode.swift; path = Vocabularys.swift; sourceTree = "<group>"; };
		0EA6DF862C2403E600128A3B /* TextFieldImageGif.swift */ = {isa = PBXFileReference; lastKnownFileType = sourcecode.swift; path = TextFieldImageGif.swift; sourceTree = "<group>"; };
		0EA6DF882C24057500128A3B /* search.gif */ = {isa = PBXFileReference; lastKnownFileType = image.gif; path = search.gif; sourceTree = "<group>"; };
		0EA6DF8A2C24082F00128A3B /* HomeView+Search.swift */ = {isa = PBXFileReference; lastKnownFileType = sourcecode.swift; path = "HomeView+Search.swift"; sourceTree = "<group>"; };
		0EA6DF8C2C240C2900128A3B /* HomeView+ListVocabulary.swift */ = {isa = PBXFileReference; lastKnownFileType = sourcecode.swift; path = "HomeView+ListVocabulary.swift"; sourceTree = "<group>"; };
		0EA6DF8F2C240CEE00128A3B /* VocabularyCardView.swift */ = {isa = PBXFileReference; lastKnownFileType = sourcecode.swift; path = VocabularyCardView.swift; sourceTree = "<group>"; };
		0EA6DF952C24301A00128A3B /* DetailVocabularyView.swift */ = {isa = PBXFileReference; lastKnownFileType = sourcecode.swift; path = DetailVocabularyView.swift; sourceTree = "<group>"; };
		0EA6DF972C2430A400128A3B /* TextFieldImage.swift */ = {isa = PBXFileReference; lastKnownFileType = sourcecode.swift; path = TextFieldImage.swift; sourceTree = "<group>"; };
		0EABCDF82C34E6F90073B7EF /* Your-Directory-Info.plist */ = {isa = PBXFileReference; lastKnownFileType = text.plist; path = "Your-Directory-Info.plist"; sourceTree = SOURCE_ROOT; };
		0EABCDFA2C34E8350073B7EF /* AuthenticationViewModel.swift */ = {isa = PBXFileReference; lastKnownFileType = sourcecode.swift; path = AuthenticationViewModel.swift; sourceTree = "<group>"; };
		0EABCDFE2C352B920073B7EF /* GoogleService-Info.plist */ = {isa = PBXFileReference; fileEncoding = 4; lastKnownFileType = text.plist.xml; path = "GoogleService-Info.plist"; sourceTree = "<group>"; };
		0EABCE002C3539780073B7EF /* NetworkImage.swift */ = {isa = PBXFileReference; lastKnownFileType = sourcecode.swift; path = NetworkImage.swift; sourceTree = "<group>"; };
		0EABCE032C363DFA0073B7EF /* FirestoreManager.swift */ = {isa = PBXFileReference; lastKnownFileType = sourcecode.swift; path = FirestoreManager.swift; sourceTree = "<group>"; };
		0EABCE052C3642A90073B7EF /* AppConstants.swift */ = {isa = PBXFileReference; lastKnownFileType = sourcecode.swift; path = AppConstants.swift; sourceTree = "<group>"; };
		0EABCE0D2C37A13E0073B7EF /* DetailVocabulary+Header.swift */ = {isa = PBXFileReference; lastKnownFileType = sourcecode.swift; path = "DetailVocabulary+Header.swift"; sourceTree = "<group>"; };
		0EABCE112C37A1EC0073B7EF /* DetailVocabulary+Content.swift */ = {isa = PBXFileReference; lastKnownFileType = sourcecode.swift; path = "DetailVocabulary+Content.swift"; sourceTree = "<group>"; };
		0EABCE142C37A2690073B7EF /* CreateCategory+Header.swift */ = {isa = PBXFileReference; lastKnownFileType = sourcecode.swift; path = "CreateCategory+Header.swift"; sourceTree = "<group>"; };
		0EABCE162C37A2B40073B7EF /* CreateCategory+Content.swift */ = {isa = PBXFileReference; lastKnownFileType = sourcecode.swift; path = "CreateCategory+Content.swift"; sourceTree = "<group>"; };
		0EB8A2532C3BCC5F0001C521 /* folder.gif */ = {isa = PBXFileReference; lastKnownFileType = image.gif; path = folder.gif; sourceTree = "<group>"; };
		0EB8A2552C3BCE0D0001C521 /* DetailVocabulary+Input.swift */ = {isa = PBXFileReference; lastKnownFileType = sourcecode.swift; path = "DetailVocabulary+Input.swift"; sourceTree = "<group>"; };
		0EFB78502C253A8D0013FFD8 /* Audio.swift */ = {isa = PBXFileReference; lastKnownFileType = sourcecode.swift; path = Audio.swift; sourceTree = "<group>"; };
		0EFB78542C2554B00013FFD8 /* AlamofireNetworkService.swift */ = {isa = PBXFileReference; lastKnownFileType = sourcecode.swift; path = AlamofireNetworkService.swift; sourceTree = "<group>"; };
		0EFB78572C2555260013FFD8 /* DictionaryHttp.swift */ = {isa = PBXFileReference; lastKnownFileType = sourcecode.swift; path = DictionaryHttp.swift; sourceTree = "<group>"; };
		0EFB785A2C2556B50013FFD8 /* VocabularyEntities.swift */ = {isa = PBXFileReference; lastKnownFileType = sourcecode.swift; path = VocabularyEntities.swift; sourceTree = "<group>"; };
		0EFB785C2C2557A00013FFD8 /* NetworkError.swift */ = {isa = PBXFileReference; lastKnownFileType = sourcecode.swift; path = NetworkError.swift; sourceTree = "<group>"; };
		0EFB785F2C25583D0013FFD8 /* VocabularyEntityMapper.swift */ = {isa = PBXFileReference; lastKnownFileType = sourcecode.swift; path = VocabularyEntityMapper.swift; sourceTree = "<group>"; };
		7CEF74F2E25348C11AF363B4 /* Pods-Your Directory.release.xcconfig */ = {isa = PBXFileReference; includeInIndex = 1; lastKnownFileType = text.xcconfig; name = "Pods-Your Directory.release.xcconfig"; path = "Target Support Files/Pods-Your Directory/Pods-Your Directory.release.xcconfig"; sourceTree = "<group>"; };
		8D8BCDC631AEB02680BFE605 /* Pods_Your_Directory.framework */ = {isa = PBXFileReference; explicitFileType = wrapper.framework; includeInIndex = 0; path = Pods_Your_Directory.framework; sourceTree = BUILT_PRODUCTS_DIR; };
		E1BE25A21F6144FA9B33F505 /* Pods-Your Directory.debug.xcconfig */ = {isa = PBXFileReference; includeInIndex = 1; lastKnownFileType = text.xcconfig; name = "Pods-Your Directory.debug.xcconfig"; path = "Target Support Files/Pods-Your Directory/Pods-Your Directory.debug.xcconfig"; sourceTree = "<group>"; };
/* End PBXFileReference section */

/* Begin PBXFrameworksBuildPhase section */
		0EA6DF2A2C212D2B00128A3B /* Frameworks */ = {
			isa = PBXFrameworksBuildPhase;
			buildActionMask = 2147483647;
			files = (
				0945896488D0194791FADC3E /* Pods_Your_Directory.framework in Frameworks */,
			);
			runOnlyForDeploymentPostprocessing = 0;
		};
/* End PBXFrameworksBuildPhase section */

/* Begin PBXGroup section */
		0801C7602C2599150014AC60 /* DetailVocabulary */ = {
			isa = PBXGroup;
			children = (
				08067FEB2C26C0C0009BBD51 /* DetailVocabularyViewModel.swift */,
			);
			path = DetailVocabulary;
			sourceTree = "<group>";
		};
		08875FB72C2316BE00C4E6C6 /* Inner */ = {
			isa = PBXGroup;
			children = (
				08875FB82C2316C500C4E6C6 /* HomeViewHeader.swift */,
				08875FBC2C231C6B00C4E6C6 /* HomeView+BottonTabBar.swift */,
				0EA6DF8A2C24082F00128A3B /* HomeView+Search.swift */,
				0EA6DF8C2C240C2900128A3B /* HomeView+ListVocabulary.swift */,
				08E92FC42C27357E0027E207 /* HomeView+ListCategory.swift */,
			);
			path = Inner;
			sourceTree = "<group>";
		};
		08875FC02C23232900C4E6C6 /* CreateCategory */ = {
			isa = PBXGroup;
			children = (
				0EABCE132C37A2560073B7EF /* Inner */,
				08875FC12C23233900C4E6C6 /* CreateCategoryView.swift */,
			);
			path = CreateCategory;
			sourceTree = "<group>";
		};
		08E92FC12C2723EF0027E207 /* enum */ = {
			isa = PBXGroup;
			children = (
				08E92FC22C2723FA0027E207 /* ColorEnum.swift */,
			);
			path = enum;
			sourceTree = "<group>";
		};
		08E92FC62C2736590027E207 /* DetailCategory */ = {
			isa = PBXGroup;
			children = (
				08E92FC72C2736670027E207 /* DetailCategoryVIew.swift */,
			);
			path = DetailCategory;
			sourceTree = "<group>";
		};
		0EA6DF242C212D2B00128A3B = {
			isa = PBXGroup;
			children = (
				0EA6DF2F2C212D2B00128A3B /* Your Directory */,
				0EA6DF2E2C212D2B00128A3B /* Products */,
				42BED3DD73E891088FCBC357 /* Pods */,
				25F0E20E8CDDC2A04027B2AE /* Frameworks */,
			);
			sourceTree = "<group>";
		};
		0EA6DF2E2C212D2B00128A3B /* Products */ = {
			isa = PBXGroup;
			children = (
				0EA6DF2D2C212D2B00128A3B /* Your Directory.app */,
			);
			name = Products;
			sourceTree = "<group>";
		};
		0EA6DF2F2C212D2B00128A3B /* Your Directory */ = {
			isa = PBXGroup;
			children = (
				0EABCDF82C34E6F90073B7EF /* Your-Directory-Info.plist */,
				0EABCDFE2C352B920073B7EF /* GoogleService-Info.plist */,
				0EA6DF5F2C22845300128A3B /* DataInfrastructor */,
				0EA6DF4B2C213F4500128A3B /* Domain */,
				0EA6DF4E2C213F8D00128A3B /* Presentation */,
				0EA6DF452C213D4200128A3B /* Utils */,
				0EA6DF302C212D2B00128A3B /* Your_DirectoryApp.swift */,
				0EA6DF342C212D2E00128A3B /* Assets.xcassets */,
				0EA6DF362C212D2E00128A3B /* Preview Content */,
			);
			path = "Your Directory";
			sourceTree = "<group>";
		};
		0EA6DF362C212D2E00128A3B /* Preview Content */ = {
			isa = PBXGroup;
			children = (
				0EA6DF372C212D2E00128A3B /* Preview Assets.xcassets */,
			);
			path = "Preview Content";
			sourceTree = "<group>";
		};
		0EA6DF3E2C212D3B00128A3B /* View */ = {
			isa = PBXGroup;
			children = (
				08E92FC62C2736590027E207 /* DetailCategory */,
				0EA6DF942C24300D00128A3B /* DetailVocabulary */,
				08875FC02C23232900C4E6C6 /* CreateCategory */,
				0EA6DF6D2C2288E100128A3B /* Home */,
				0EA6DF482C213EE000128A3B /* SignUp */,
				0EA6DF412C21358B00128A3B /* Splash */,
			);
			path = View;
			sourceTree = "<group>";
		};
		0EA6DF412C21358B00128A3B /* Splash */ = {
			isa = PBXGroup;
			children = (
				0EA6DF422C21359B00128A3B /* Component */,
				0EA6DF3F2C212D5800128A3B /* SplashView.swift */,
			);
			path = Splash;
			sourceTree = "<group>";
		};
		0EA6DF422C21359B00128A3B /* Component */ = {
			isa = PBXGroup;
			children = (
				0EA6DF432C2135C500128A3B /* LottieView.swift */,
			);
			path = Component;
			sourceTree = "<group>";
		};
		0EA6DF452C213D4200128A3B /* Utils */ = {
			isa = PBXGroup;
			children = (
				0EA6DF522C21410C00128A3B /* Extendsion */,
				0EABCE032C363DFA0073B7EF /* FirestoreManager.swift */,
				0EABCE052C3642A90073B7EF /* AppConstants.swift */,
				0EA6DF462C213D6000128A3B /* SplashData.json */,
			);
			path = Utils;
			sourceTree = "<group>";
		};
		0EA6DF482C213EE000128A3B /* SignUp */ = {
			isa = PBXGroup;
			children = (
				0EA6DF492C213F1F00128A3B /* SignUpView.swift */,
			);
			path = SignUp;
			sourceTree = "<group>";
		};
		0EA6DF4B2C213F4500128A3B /* Domain */ = {
			isa = PBXGroup;
			children = (
				0EA6DF812C24027000128A3B /* Vocabulary.swift */,
				0EA6DF842C2402C600128A3B /* Vocabularys.swift */,
				08E92FB92C27190F0027E207 /* Folder.swift */,
				08E92FBB2C271ABD0027E207 /* Categorys.swift */,
			);
			path = Domain;
			sourceTree = "<group>";
		};
		0EA6DF4E2C213F8D00128A3B /* Presentation */ = {
			isa = PBXGroup;
			children = (
				0EA6DF4F2C213F9800128A3B /* ViewModel */,
				0EA6DF3E2C212D3B00128A3B /* View */,
				0EA6DF552C2141D100128A3B /* Utils */,
			);
			path = Presentation;
			sourceTree = "<group>";
		};
		0EA6DF4F2C213F9800128A3B /* ViewModel */ = {
			isa = PBXGroup;
			children = (
				0EABCDF92C34E8160073B7EF /* Authentication */,
				0801C7602C2599150014AC60 /* DetailVocabulary */,
				0EA6DF702C22B0AF00128A3B /* Home */,
			);
			path = ViewModel;
			sourceTree = "<group>";
		};
		0EA6DF522C21410C00128A3B /* Extendsion */ = {
			isa = PBXGroup;
			children = (
				0EA6DF532C21411D00128A3B /* Text.swift */,
				0EA6DF5B2C21441900128A3B /* Color.swift */,
			);
			path = Extendsion;
			sourceTree = "<group>";
		};
		0EA6DF552C2141D100128A3B /* Utils */ = {
			isa = PBXGroup;
			children = (
				08E92FBE2C2723430027E207 /* ConvertColor.swift */,
				08E92FC12C2723EF0027E207 /* enum */,
				0EA6DF7A2C23E1C000128A3B /* gif */,
				0EA6DF562C2141D800128A3B /* components */,
			);
			path = Utils;
			sourceTree = "<group>";
		};
		0EA6DF562C2141D800128A3B /* components */ = {
			isa = PBXGroup;
			children = (
				0EA6DF5D2C216ECB00128A3B /* ButtonFullWidthView.swift */,
				0EA6DF572C21423400128A3B /* TextFieldCustomize.swift */,
				0EA6DF592C2143B900128A3B /* RoundedCornersShape.swift */,
				08875FBA2C231B3E00C4E6C6 /* ButtonIcon.swift */,
				0EA6DF772C23DAA500128A3B /* QLImage.swift */,
				0EA6DF862C2403E600128A3B /* TextFieldImageGif.swift */,
				0EA6DF972C2430A400128A3B /* TextFieldImage.swift */,
				0EFB78502C253A8D0013FFD8 /* Audio.swift */,
				0EABCE002C3539780073B7EF /* NetworkImage.swift */,
			);
			path = components;
			sourceTree = "<group>";
		};
		0EA6DF5F2C22845300128A3B /* DataInfrastructor */ = {
			isa = PBXGroup;
			children = (
				0EFB785E2C2558290013FFD8 /* EntityMapper */,
				0EFB78592C25569C0013FFD8 /* Entities */,
				0EFB78522C2554940013FFD8 /* Network */,
			);
			path = DataInfrastructor;
			sourceTree = "<group>";
		};
		0EA6DF6D2C2288E100128A3B /* Home */ = {
			isa = PBXGroup;
			children = (
				0EA6DF8E2C240CD900128A3B /* Components */,
				08875FB72C2316BE00C4E6C6 /* Inner */,
				0EA6DF6E2C2288EB00128A3B /* HomeView.swift */,
			);
			path = Home;
			sourceTree = "<group>";
		};
		0EA6DF702C22B0AF00128A3B /* Home */ = {
			isa = PBXGroup;
			children = (
				0EA6DF722C22B0F100128A3B /* HomeViewModel.swift */,
			);
			path = Home;
			sourceTree = "<group>";
		};
		0EA6DF7A2C23E1C000128A3B /* gif */ = {
			isa = PBXGroup;
			children = (
				0EB8A2532C3BCC5F0001C521 /* folder.gif */,
				0EA6DF882C24057500128A3B /* search.gif */,
				0EA6DF7B2C23E1CE00128A3B /* notebook.gif */,
				0EA6DF7D2C23E2D500128A3B /* sound.gif */,
				0EA6DF7F2C23E30000128A3B /* description.gif */,
			);
			path = gif;
			sourceTree = "<group>";
		};
		0EA6DF8E2C240CD900128A3B /* Components */ = {
			isa = PBXGroup;
			children = (
				0EA6DF8F2C240CEE00128A3B /* VocabularyCardView.swift */,
			);
			path = Components;
			sourceTree = "<group>";
		};
		0EA6DF942C24300D00128A3B /* DetailVocabulary */ = {
			isa = PBXGroup;
			children = (
				0EABCE0C2C37A1170073B7EF /* Inner */,
				0EA6DF952C24301A00128A3B /* DetailVocabularyView.swift */,
			);
			path = DetailVocabulary;
			sourceTree = "<group>";
		};
		0EABCDF92C34E8160073B7EF /* Authentication */ = {
			isa = PBXGroup;
			children = (
				0EABCDFA2C34E8350073B7EF /* AuthenticationViewModel.swift */,
			);
			path = Authentication;
			sourceTree = "<group>";
		};
		0EABCE0C2C37A1170073B7EF /* Inner */ = {
			isa = PBXGroup;
			children = (
				0EABCE0D2C37A13E0073B7EF /* DetailVocabulary+Header.swift */,
				0EABCE112C37A1EC0073B7EF /* DetailVocabulary+Content.swift */,
				0EB8A2552C3BCE0D0001C521 /* DetailVocabulary+Input.swift */,
			);
			path = Inner;
			sourceTree = "<group>";
		};
		0EABCE132C37A2560073B7EF /* Inner */ = {
			isa = PBXGroup;
			children = (
				0EABCE142C37A2690073B7EF /* CreateCategory+Header.swift */,
				0EABCE162C37A2B40073B7EF /* CreateCategory+Content.swift */,
			);
			path = Inner;
			sourceTree = "<group>";
		};
		0EFB78522C2554940013FFD8 /* Network */ = {
			isa = PBXGroup;
			children = (
				0EFB78562C2554C70013FFD8 /* Connection */,
				0EFB78532C2554A60013FFD8 /* Manager */,
			);
			path = Network;
			sourceTree = "<group>";
		};
		0EFB78532C2554A60013FFD8 /* Manager */ = {
			isa = PBXGroup;
			children = (
				0EFB78542C2554B00013FFD8 /* AlamofireNetworkService.swift */,
				0EFB785C2C2557A00013FFD8 /* NetworkError.swift */,
			);
			path = Manager;
			sourceTree = "<group>";
		};
		0EFB78562C2554C70013FFD8 /* Connection */ = {
			isa = PBXGroup;
			children = (
				0EFB78572C2555260013FFD8 /* DictionaryHttp.swift */,
			);
			path = Connection;
			sourceTree = "<group>";
		};
		0EFB78592C25569C0013FFD8 /* Entities */ = {
			isa = PBXGroup;
			children = (
				0EFB785A2C2556B50013FFD8 /* VocabularyEntities.swift */,
			);
			path = Entities;
			sourceTree = "<group>";
		};
		0EFB785E2C2558290013FFD8 /* EntityMapper */ = {
			isa = PBXGroup;
			children = (
				0EFB785F2C25583D0013FFD8 /* VocabularyEntityMapper.swift */,
			);
			path = EntityMapper;
			sourceTree = "<group>";
		};
		25F0E20E8CDDC2A04027B2AE /* Frameworks */ = {
			isa = PBXGroup;
			children = (
				8D8BCDC631AEB02680BFE605 /* Pods_Your_Directory.framework */,
			);
			name = Frameworks;
			sourceTree = "<group>";
		};
		42BED3DD73E891088FCBC357 /* Pods */ = {
			isa = PBXGroup;
			children = (
				E1BE25A21F6144FA9B33F505 /* Pods-Your Directory.debug.xcconfig */,
				7CEF74F2E25348C11AF363B4 /* Pods-Your Directory.release.xcconfig */,
			);
			path = Pods;
			sourceTree = "<group>";
		};
/* End PBXGroup section */

/* Begin PBXNativeTarget section */
		0EA6DF2C2C212D2B00128A3B /* Your Directory */ = {
			isa = PBXNativeTarget;
			buildConfigurationList = 0EA6DF3B2C212D2E00128A3B /* Build configuration list for PBXNativeTarget "Your Directory" */;
			buildPhases = (
				07F6A4FCF416B49179FD89EE /* [CP] Check Pods Manifest.lock */,
				0EA6DF292C212D2B00128A3B /* Sources */,
				0EA6DF2A2C212D2B00128A3B /* Frameworks */,
				0EA6DF2B2C212D2B00128A3B /* Resources */,
				F7A7EEA453BD829BCDD97C6F /* [CP] Embed Pods Frameworks */,
			);
			buildRules = (
			);
			dependencies = (
			);
			name = "Your Directory";
			productName = "Your Directory";
			productReference = 0EA6DF2D2C212D2B00128A3B /* Your Directory.app */;
			productType = "com.apple.product-type.application";
		};
/* End PBXNativeTarget section */

/* Begin PBXProject section */
		0EA6DF252C212D2B00128A3B /* Project object */ = {
			isa = PBXProject;
			attributes = {
				BuildIndependentTargetsInParallel = 1;
				LastSwiftUpdateCheck = 1510;
				LastUpgradeCheck = 1510;
				TargetAttributes = {
					0EA6DF2C2C212D2B00128A3B = {
						CreatedOnToolsVersion = 15.1;
					};
				};
			};
			buildConfigurationList = 0EA6DF282C212D2B00128A3B /* Build configuration list for PBXProject "Your Directory" */;
			compatibilityVersion = "Xcode 14.0";
			developmentRegion = en;
			hasScannedForEncodings = 0;
			knownRegions = (
				en,
				Base,
			);
			mainGroup = 0EA6DF242C212D2B00128A3B;
			productRefGroup = 0EA6DF2E2C212D2B00128A3B /* Products */;
			projectDirPath = "";
			projectRoot = "";
			targets = (
				0EA6DF2C2C212D2B00128A3B /* Your Directory */,
			);
		};
/* End PBXProject section */

/* Begin PBXResourcesBuildPhase section */
		0EA6DF2B2C212D2B00128A3B /* Resources */ = {
			isa = PBXResourcesBuildPhase;
			buildActionMask = 2147483647;
			files = (
				0EABCDFF2C352B920073B7EF /* GoogleService-Info.plist in Resources */,
				0EA6DF472C213D6000128A3B /* SplashData.json in Resources */,
				0EA6DF802C23E30000128A3B /* description.gif in Resources */,
				0EB8A2542C3BCC5F0001C521 /* folder.gif in Resources */,
				0EA6DF7C2C23E1CE00128A3B /* notebook.gif in Resources */,
				0EA6DF382C212D2E00128A3B /* Preview Assets.xcassets in Resources */,
				0EA6DF7E2C23E2D500128A3B /* sound.gif in Resources */,
				0EA6DF352C212D2E00128A3B /* Assets.xcassets in Resources */,
				0EA6DF892C24057500128A3B /* search.gif in Resources */,
			);
			runOnlyForDeploymentPostprocessing = 0;
		};
/* End PBXResourcesBuildPhase section */

/* Begin PBXShellScriptBuildPhase section */
		07F6A4FCF416B49179FD89EE /* [CP] Check Pods Manifest.lock */ = {
			isa = PBXShellScriptBuildPhase;
			buildActionMask = 2147483647;
			files = (
			);
			inputFileListPaths = (
			);
			inputPaths = (
				"${PODS_PODFILE_DIR_PATH}/Podfile.lock",
				"${PODS_ROOT}/Manifest.lock",
			);
			name = "[CP] Check Pods Manifest.lock";
			outputFileListPaths = (
			);
			outputPaths = (
				"$(DERIVED_FILE_DIR)/Pods-Your Directory-checkManifestLockResult.txt",
			);
			runOnlyForDeploymentPostprocessing = 0;
			shellPath = /bin/sh;
			shellScript = "diff \"${PODS_PODFILE_DIR_PATH}/Podfile.lock\" \"${PODS_ROOT}/Manifest.lock\" > /dev/null\nif [ $? != 0 ] ; then\n    # print error to STDERR\n    echo \"error: The sandbox is not in sync with the Podfile.lock. Run 'pod install' or update your CocoaPods installation.\" >&2\n    exit 1\nfi\n# This output is used by Xcode 'outputs' to avoid re-running this script phase.\necho \"SUCCESS\" > \"${SCRIPT_OUTPUT_FILE_0}\"\n";
			showEnvVarsInLog = 0;
		};
		F7A7EEA453BD829BCDD97C6F /* [CP] Embed Pods Frameworks */ = {
			isa = PBXShellScriptBuildPhase;
			buildActionMask = 2147483647;
			files = (
			);
			inputFileListPaths = (
				"${PODS_ROOT}/Target Support Files/Pods-Your Directory/Pods-Your Directory-frameworks-${CONFIGURATION}-input-files.xcfilelist",
			);
			name = "[CP] Embed Pods Frameworks";
			outputFileListPaths = (
				"${PODS_ROOT}/Target Support Files/Pods-Your Directory/Pods-Your Directory-frameworks-${CONFIGURATION}-output-files.xcfilelist",
			);
			runOnlyForDeploymentPostprocessing = 0;
			shellPath = /bin/sh;
			shellScript = "\"${PODS_ROOT}/Target Support Files/Pods-Your Directory/Pods-Your Directory-frameworks.sh\"\n";
			showEnvVarsInLog = 0;
		};
/* End PBXShellScriptBuildPhase section */

/* Begin PBXSourcesBuildPhase section */
		0EA6DF292C212D2B00128A3B /* Sources */ = {
			isa = PBXSourcesBuildPhase;
			buildActionMask = 2147483647;
			files = (
				0EFB78602C25583D0013FFD8 /* VocabularyEntityMapper.swift in Sources */,
				0EA6DF902C240CEE00128A3B /* VocabularyCardView.swift in Sources */,
				0EABCE0E2C37A13E0073B7EF /* DetailVocabulary+Header.swift in Sources */,
				0EA6DF822C24027000128A3B /* Vocabulary.swift in Sources */,
				0EA6DF8B2C24082F00128A3B /* HomeView+Search.swift in Sources */,
				0EB8A2562C3BCE0D0001C521 /* DetailVocabulary+Input.swift in Sources */,
				0EA6DF962C24301A00128A3B /* DetailVocabularyView.swift in Sources */,
				0EA6DF732C22B0F100128A3B /* HomeViewModel.swift in Sources */,
				08875FBB2C231B3E00C4E6C6 /* ButtonIcon.swift in Sources */,
				0EA6DF4A2C213F1F00128A3B /* SignUpView.swift in Sources */,
				0EABCDFB2C34E8350073B7EF /* AuthenticationViewModel.swift in Sources */,
				08875FBD2C231C6B00C4E6C6 /* HomeView+BottonTabBar.swift in Sources */,
				0EA6DF982C2430A400128A3B /* TextFieldImage.swift in Sources */,
				0EA6DF5C2C21441900128A3B /* Color.swift in Sources */,
				0EA6DF852C2402C600128A3B /* Vocabularys.swift in Sources */,
				08E92FBC2C271ABD0027E207 /* Categorys.swift in Sources */,
				0EABCE152C37A2690073B7EF /* CreateCategory+Header.swift in Sources */,
				08875FB92C2316C500C4E6C6 /* HomeViewHeader.swift in Sources */,
				0EFB78582C2555260013FFD8 /* DictionaryHttp.swift in Sources */,
				08067FEC2C26C0C0009BBD51 /* DetailVocabularyViewModel.swift in Sources */,
				0EA6DF5A2C2143B900128A3B /* RoundedCornersShape.swift in Sources */,
				0EA6DF542C21411D00128A3B /* Text.swift in Sources */,
				0EA6DF312C212D2B00128A3B /* Your_DirectoryApp.swift in Sources */,
				0EA6DF5E2C216ECB00128A3B /* ButtonFullWidthView.swift in Sources */,
				0EABCE172C37A2B40073B7EF /* CreateCategory+Content.swift in Sources */,
				0EA6DF872C2403E600128A3B /* TextFieldImageGif.swift in Sources */,
				08E92FBF2C2723430027E207 /* ConvertColor.swift in Sources */,
				08E92FC32C2723FA0027E207 /* ColorEnum.swift in Sources */,
				0EA6DF582C21423500128A3B /* TextFieldCustomize.swift in Sources */,
				0EABCE042C363DFA0073B7EF /* FirestoreManager.swift in Sources */,
				0EABCE062C3642A90073B7EF /* AppConstants.swift in Sources */,
				0EABCE012C3539780073B7EF /* NetworkImage.swift in Sources */,
				0EFB785B2C2556B50013FFD8 /* VocabularyEntities.swift in Sources */,
				0EFB78512C253A8D0013FFD8 /* Audio.swift in Sources */,
				0EA6DF402C212D5800128A3B /* SplashView.swift in Sources */,
				08E92FBA2C27190F0027E207 /* Folder.swift in Sources */,
				0EABCE122C37A1EC0073B7EF /* DetailVocabulary+Content.swift in Sources */,
				0EA6DF6F2C2288EB00128A3B /* HomeView.swift in Sources */,
				0EFB78552C2554B00013FFD8 /* AlamofireNetworkService.swift in Sources */,
				0EA6DF8D2C240C2900128A3B /* HomeView+ListVocabulary.swift in Sources */,
				0EA6DF442C2135C500128A3B /* LottieView.swift in Sources */,
				08875FC22C23233900C4E6C6 /* CreateCategoryView.swift in Sources */,
				0EFB785D2C2557A00013FFD8 /* NetworkError.swift in Sources */,
				0EA6DF782C23DAA500128A3B /* QLImage.swift in Sources */,
				08E92FC82C2736670027E207 /* DetailCategoryVIew.swift in Sources */,
				08E92FC52C27357E0027E207 /* HomeView+ListCategory.swift in Sources */,
			);
			runOnlyForDeploymentPostprocessing = 0;
		};
/* End PBXSourcesBuildPhase section */

/* Begin XCBuildConfiguration section */
		0EA6DF392C212D2E00128A3B /* Debug */ = {
			isa = XCBuildConfiguration;
			buildSettings = {
				ALWAYS_SEARCH_USER_PATHS = NO;
				ASSETCATALOG_COMPILER_GENERATE_SWIFT_ASSET_SYMBOL_EXTENSIONS = YES;
				CLANG_ANALYZER_NONNULL = YES;
				CLANG_ANALYZER_NUMBER_OBJECT_CONVERSION = YES_AGGRESSIVE;
				CLANG_CXX_LANGUAGE_STANDARD = "gnu++20";
				CLANG_ENABLE_MODULES = YES;
				CLANG_ENABLE_OBJC_ARC = YES;
				CLANG_ENABLE_OBJC_WEAK = YES;
				CLANG_WARN_BLOCK_CAPTURE_AUTORELEASING = YES;
				CLANG_WARN_BOOL_CONVERSION = YES;
				CLANG_WARN_COMMA = YES;
				CLANG_WARN_CONSTANT_CONVERSION = YES;
				CLANG_WARN_DEPRECATED_OBJC_IMPLEMENTATIONS = YES;
				CLANG_WARN_DIRECT_OBJC_ISA_USAGE = YES_ERROR;
				CLANG_WARN_DOCUMENTATION_COMMENTS = YES;
				CLANG_WARN_EMPTY_BODY = YES;
				CLANG_WARN_ENUM_CONVERSION = YES;
				CLANG_WARN_INFINITE_RECURSION = YES;
				CLANG_WARN_INT_CONVERSION = YES;
				CLANG_WARN_NON_LITERAL_NULL_CONVERSION = YES;
				CLANG_WARN_OBJC_IMPLICIT_RETAIN_SELF = YES;
				CLANG_WARN_OBJC_LITERAL_CONVERSION = YES;
				CLANG_WARN_OBJC_ROOT_CLASS = YES_ERROR;
				CLANG_WARN_QUOTED_INCLUDE_IN_FRAMEWORK_HEADER = YES;
				CLANG_WARN_RANGE_LOOP_ANALYSIS = YES;
				CLANG_WARN_STRICT_PROTOTYPES = YES;
				CLANG_WARN_SUSPICIOUS_MOVE = YES;
				CLANG_WARN_UNGUARDED_AVAILABILITY = YES_AGGRESSIVE;
				CLANG_WARN_UNREACHABLE_CODE = YES;
				CLANG_WARN__DUPLICATE_METHOD_MATCH = YES;
				COPY_PHASE_STRIP = NO;
				DEBUG_INFORMATION_FORMAT = dwarf;
				ENABLE_STRICT_OBJC_MSGSEND = YES;
				ENABLE_TESTABILITY = YES;
				ENABLE_USER_SCRIPT_SANDBOXING = YES;
				GCC_C_LANGUAGE_STANDARD = gnu17;
				GCC_DYNAMIC_NO_PIC = NO;
				GCC_NO_COMMON_BLOCKS = YES;
				GCC_OPTIMIZATION_LEVEL = 0;
				GCC_PREPROCESSOR_DEFINITIONS = (
					"DEBUG=1",
					"$(inherited)",
				);
				GCC_WARN_64_TO_32_BIT_CONVERSION = YES;
				GCC_WARN_ABOUT_RETURN_TYPE = YES_ERROR;
				GCC_WARN_UNDECLARED_SELECTOR = YES;
				GCC_WARN_UNINITIALIZED_AUTOS = YES_AGGRESSIVE;
				GCC_WARN_UNUSED_FUNCTION = YES;
				GCC_WARN_UNUSED_VARIABLE = YES;
				IPHONEOS_DEPLOYMENT_TARGET = 17.2;
				LOCALIZATION_PREFERS_STRING_CATALOGS = YES;
				MTL_ENABLE_DEBUG_INFO = INCLUDE_SOURCE;
				MTL_FAST_MATH = YES;
				ONLY_ACTIVE_ARCH = YES;
				SDKROOT = iphoneos;
				SWIFT_ACTIVE_COMPILATION_CONDITIONS = "DEBUG $(inherited)";
				SWIFT_OPTIMIZATION_LEVEL = "-Onone";
			};
			name = Debug;
		};
		0EA6DF3A2C212D2E00128A3B /* Release */ = {
			isa = XCBuildConfiguration;
			buildSettings = {
				ALWAYS_SEARCH_USER_PATHS = NO;
				ASSETCATALOG_COMPILER_GENERATE_SWIFT_ASSET_SYMBOL_EXTENSIONS = YES;
				CLANG_ANALYZER_NONNULL = YES;
				CLANG_ANALYZER_NUMBER_OBJECT_CONVERSION = YES_AGGRESSIVE;
				CLANG_CXX_LANGUAGE_STANDARD = "gnu++20";
				CLANG_ENABLE_MODULES = YES;
				CLANG_ENABLE_OBJC_ARC = YES;
				CLANG_ENABLE_OBJC_WEAK = YES;
				CLANG_WARN_BLOCK_CAPTURE_AUTORELEASING = YES;
				CLANG_WARN_BOOL_CONVERSION = YES;
				CLANG_WARN_COMMA = YES;
				CLANG_WARN_CONSTANT_CONVERSION = YES;
				CLANG_WARN_DEPRECATED_OBJC_IMPLEMENTATIONS = YES;
				CLANG_WARN_DIRECT_OBJC_ISA_USAGE = YES_ERROR;
				CLANG_WARN_DOCUMENTATION_COMMENTS = YES;
				CLANG_WARN_EMPTY_BODY = YES;
				CLANG_WARN_ENUM_CONVERSION = YES;
				CLANG_WARN_INFINITE_RECURSION = YES;
				CLANG_WARN_INT_CONVERSION = YES;
				CLANG_WARN_NON_LITERAL_NULL_CONVERSION = YES;
				CLANG_WARN_OBJC_IMPLICIT_RETAIN_SELF = YES;
				CLANG_WARN_OBJC_LITERAL_CONVERSION = YES;
				CLANG_WARN_OBJC_ROOT_CLASS = YES_ERROR;
				CLANG_WARN_QUOTED_INCLUDE_IN_FRAMEWORK_HEADER = YES;
				CLANG_WARN_RANGE_LOOP_ANALYSIS = YES;
				CLANG_WARN_STRICT_PROTOTYPES = YES;
				CLANG_WARN_SUSPICIOUS_MOVE = YES;
				CLANG_WARN_UNGUARDED_AVAILABILITY = YES_AGGRESSIVE;
				CLANG_WARN_UNREACHABLE_CODE = YES;
				CLANG_WARN__DUPLICATE_METHOD_MATCH = YES;
				COPY_PHASE_STRIP = NO;
				DEBUG_INFORMATION_FORMAT = "dwarf-with-dsym";
				ENABLE_NS_ASSERTIONS = NO;
				ENABLE_STRICT_OBJC_MSGSEND = YES;
				ENABLE_USER_SCRIPT_SANDBOXING = YES;
				GCC_C_LANGUAGE_STANDARD = gnu17;
				GCC_NO_COMMON_BLOCKS = YES;
				GCC_WARN_64_TO_32_BIT_CONVERSION = YES;
				GCC_WARN_ABOUT_RETURN_TYPE = YES_ERROR;
				GCC_WARN_UNDECLARED_SELECTOR = YES;
				GCC_WARN_UNINITIALIZED_AUTOS = YES_AGGRESSIVE;
				GCC_WARN_UNUSED_FUNCTION = YES;
				GCC_WARN_UNUSED_VARIABLE = YES;
				IPHONEOS_DEPLOYMENT_TARGET = 17.2;
				LOCALIZATION_PREFERS_STRING_CATALOGS = YES;
				MTL_ENABLE_DEBUG_INFO = NO;
				MTL_FAST_MATH = YES;
				SDKROOT = iphoneos;
				SWIFT_COMPILATION_MODE = wholemodule;
				VALIDATE_PRODUCT = YES;
			};
			name = Release;
		};
		0EA6DF3C2C212D2E00128A3B /* Debug */ = {
			isa = XCBuildConfiguration;
			baseConfigurationReference = E1BE25A21F6144FA9B33F505 /* Pods-Your Directory.debug.xcconfig */;
			buildSettings = {
				ASSETCATALOG_COMPILER_APPICON_NAME = AppIcon;
				ASSETCATALOG_COMPILER_GLOBAL_ACCENT_COLOR_NAME = AccentColor;
				CODE_SIGN_IDENTITY = "Apple Development";
				CODE_SIGN_STYLE = Automatic;
				CURRENT_PROJECT_VERSION = 1;
				DEVELOPMENT_ASSET_PATHS = "\"Your Directory/Preview Content\"";
				DEVELOPMENT_TEAM = 4Y54DH4C54;
				ENABLE_PREVIEWS = YES;
				ENABLE_USER_SCRIPT_SANDBOXING = NO;
				GENERATE_INFOPLIST_FILE = YES;
				INFOPLIST_FILE = "Your-Directory-Info.plist";
				INFOPLIST_KEY_UIApplicationSceneManifest_Generation = YES;
				INFOPLIST_KEY_UIApplicationSupportsIndirectInputEvents = YES;
				INFOPLIST_KEY_UILaunchScreen_Generation = YES;
				INFOPLIST_KEY_UISupportedInterfaceOrientations_iPad = "UIInterfaceOrientationPortrait UIInterfaceOrientationPortraitUpsideDown UIInterfaceOrientationLandscapeLeft UIInterfaceOrientationLandscapeRight";
				INFOPLIST_KEY_UISupportedInterfaceOrientations_iPhone = "UIInterfaceOrientationPortrait UIInterfaceOrientationLandscapeLeft UIInterfaceOrientationLandscapeRight";
				LD_RUNPATH_SEARCH_PATHS = (
					"$(inherited)",
					"@executable_path/Frameworks",
				);
				MARKETING_VERSION = 1.0;
				PRODUCT_BUNDLE_IDENTIFIER = com.luannt.dictionary;
				PRODUCT_NAME = "$(TARGET_NAME)";
				PROVISIONING_PROFILE_SPECIFIER = "";
				SWIFT_EMIT_LOC_STRINGS = YES;
				SWIFT_VERSION = 5.0;
				TARGETED_DEVICE_FAMILY = "1,2";
			};
			name = Debug;
		};
		0EA6DF3D2C212D2E00128A3B /* Release */ = {
			isa = XCBuildConfiguration;
			baseConfigurationReference = 7CEF74F2E25348C11AF363B4 /* Pods-Your Directory.release.xcconfig */;
			buildSettings = {
				ASSETCATALOG_COMPILER_APPICON_NAME = AppIcon;
				ASSETCATALOG_COMPILER_GLOBAL_ACCENT_COLOR_NAME = AccentColor;
				CODE_SIGN_IDENTITY = "Apple Development";
				CODE_SIGN_STYLE = Automatic;
				CURRENT_PROJECT_VERSION = 1;
				DEVELOPMENT_ASSET_PATHS = "\"Your Directory/Preview Content\"";
				DEVELOPMENT_TEAM = 4Y54DH4C54;
				ENABLE_PREVIEWS = YES;
				ENABLE_USER_SCRIPT_SANDBOXING = NO;
				GENERATE_INFOPLIST_FILE = YES;
				INFOPLIST_FILE = "Your-Directory-Info.plist";
				INFOPLIST_KEY_UIApplicationSceneManifest_Generation = YES;
				INFOPLIST_KEY_UIApplicationSupportsIndirectInputEvents = YES;
				INFOPLIST_KEY_UILaunchScreen_Generation = YES;
				INFOPLIST_KEY_UISupportedInterfaceOrientations_iPad = "UIInterfaceOrientationPortrait UIInterfaceOrientationPortraitUpsideDown UIInterfaceOrientationLandscapeLeft UIInterfaceOrientationLandscapeRight";
				INFOPLIST_KEY_UISupportedInterfaceOrientations_iPhone = "UIInterfaceOrientationPortrait UIInterfaceOrientationLandscapeLeft UIInterfaceOrientationLandscapeRight";
				LD_RUNPATH_SEARCH_PATHS = (
					"$(inherited)",
					"@executable_path/Frameworks",
				);
				MARKETING_VERSION = 1.0;
				PRODUCT_BUNDLE_IDENTIFIER = com.luannt.dictionary;
				PRODUCT_NAME = "$(TARGET_NAME)";
				PROVISIONING_PROFILE_SPECIFIER = "";
				SWIFT_EMIT_LOC_STRINGS = YES;
				SWIFT_VERSION = 5.0;
				TARGETED_DEVICE_FAMILY = "1,2";
			};
			name = Release;
		};
/* End XCBuildConfiguration section */

/* Begin XCConfigurationList section */
		0EA6DF282C212D2B00128A3B /* Build configuration list for PBXProject "Your Directory" */ = {
			isa = XCConfigurationList;
			buildConfigurations = (
				0EA6DF392C212D2E00128A3B /* Debug */,
				0EA6DF3A2C212D2E00128A3B /* Release */,
			);
			defaultConfigurationIsVisible = 0;
			defaultConfigurationName = Release;
		};
		0EA6DF3B2C212D2E00128A3B /* Build configuration list for PBXNativeTarget "Your Directory" */ = {
			isa = XCConfigurationList;
			buildConfigurations = (
				0EA6DF3C2C212D2E00128A3B /* Debug */,
				0EA6DF3D2C212D2E00128A3B /* Release */,
			);
			defaultConfigurationIsVisible = 0;
			defaultConfigurationName = Release;
		};
/* End XCConfigurationList section */
	};
	rootObject = 0EA6DF252C212D2B00128A3B /* Project object */;
}
